PODS:
  - Haneke (1.0.2)
  - Realm (1.1.0):
    - Realm/Headers (= 1.1.0)
  - Realm/Headers (1.1.0)

DEPENDENCIES:
  - Haneke
  - Realm

SPEC CHECKSUMS:
  Haneke: 01454a67322faa0dd9d81fc0f447885044e71521
  Realm: ceecf1a4540c4ce9efe196fe73fa9855bce05bd8

PODFILE CHECKSUM: 874288cc18e23fc40ea4439042b307c94f430725

COCOAPODS: 1.0.1
