PODS:
  - Haneke (1.0.2)
  - Realm (2.7.0):
    - Realm/Headers (= 2.7.0)
  - Realm/Headers (2.7.0)
  - SVPullToRefresh (0.4.1)

DEPENDENCIES:
  - Haneke
  - Realm
  - SVPullToRefresh

SPEC CHECKSUMS:
  Haneke: 01454a67322faa0dd9d81fc0f447885044e71521
  Realm: 07e5d3a9e0e41d65fd5f9f05150ed6295d0f093b
  SVPullToRefresh: ba2e718695a43253d8bea6852d2960097dc15d8c

PODFILE CHECKSUM: c90cf12929bf41ecea3be39d8dec467c10ecb088

COCOAPODS: 1.2.1
