// !$*UTF8*$!
{
	archiveVersion = 1;
	classes = {
	};
	objectVersion = 46;
	objects = {

/* Begin PBXBuildFile section */
		781EA71F1D9FAB5F00F2503D /* MovieCell.xib in Resources */ = {isa = PBXBuildFile; fileRef = 781EA71E1D9FAB5F00F2503D /* MovieCell.xib */; };
		781EA7221D9FBDE100F2503D /* DetailViewController.m in Sources */ = {isa = PBXBuildFile; fileRef = 781EA7211D9FBDE100F2503D /* DetailViewController.m */; };
		781EA7251D9FC7DB00F2503D /* FavoritesViewController.m in Sources */ = {isa = PBXBuildFile; fileRef = 781EA7241D9FC7DB00F2503D /* FavoritesViewController.m */; };
		78D06D5E1D9D7A6A00F864FE /* main.m in Sources */ = {isa = PBXBuildFile; fileRef = 78D06D5D1D9D7A6A00F864FE /* main.m */; };
		78D06D611D9D7A6A00F864FE /* AppDelegate.m in Sources */ = {isa = PBXBuildFile; fileRef = 78D06D601D9D7A6A00F864FE /* AppDelegate.m */; };
		78D06D671D9D7A6A00F864FE /* Main.storyboard in Resources */ = {isa = PBXBuildFile; fileRef = 78D06D651D9D7A6A00F864FE /* Main.storyboard */; };
		78D06D691D9D7A6A00F864FE /* Assets.xcassets in Resources */ = {isa = PBXBuildFile; fileRef = 78D06D681D9D7A6A00F864FE /* Assets.xcassets */; };
		78D06D751D9D7B0B00F864FE /* MovieViewController.m in Sources */ = {isa = PBXBuildFile; fileRef = 78D06D741D9D7B0B00F864FE /* MovieViewController.m */; };
		78D06D781D9D7B9300F864FE /* MovieCell.m in Sources */ = {isa = PBXBuildFile; fileRef = 78D06D771D9D7B9300F864FE /* MovieCell.m */; };
		78D06D7B1D9D7BE500F864FE /* Movie.m in Sources */ = {isa = PBXBuildFile; fileRef = 78D06D7A1D9D7BE500F864FE /* Movie.m */; };
		78D06D7E1D9D7BFD00F864FE /* NetworkManager.m in Sources */ = {isa = PBXBuildFile; fileRef = 78D06D7D1D9D7BFD00F864FE /* NetworkManager.m */; };
		78D06D811D9D83EF00F864FE /* MovieManager.m in Sources */ = {isa = PBXBuildFile; fileRef = 78D06D801D9D83EF00F864FE /* MovieManager.m */; };
		D87F094D0AFEB8BC359F3E00 /* libPods-Movie Favorites.a in Frameworks */ = {isa = PBXBuildFile; fileRef = AB5024BC9128AC1CE1F170AB /* libPods-Movie Favorites.a */; };
/* End PBXBuildFile section */

/* Begin PBXFileReference section */
		781EA71E1D9FAB5F00F2503D /* MovieCell.xib */ = {isa = PBXFileReference; fileEncoding = 4; lastKnownFileType = file.xib; path = MovieCell.xib; sourceTree = "<group>"; };
		781EA7201D9FBDE100F2503D /* DetailViewController.h */ = {isa = PBXFileReference; fileEncoding = 4; lastKnownFileType = sourcecode.c.h; path = DetailViewController.h; sourceTree = "<group>"; };
		781EA7211D9FBDE100F2503D /* DetailViewController.m */ = {isa = PBXFileReference; fileEncoding = 4; lastKnownFileType = sourcecode.c.objc; path = DetailViewController.m; sourceTree = "<group>"; };
		781EA7231D9FC7DB00F2503D /* FavoritesViewController.h */ = {isa = PBXFileReference; fileEncoding = 4; lastKnownFileType = sourcecode.c.h; path = FavoritesViewController.h; sourceTree = "<group>"; };
		781EA7241D9FC7DB00F2503D /* FavoritesViewController.m */ = {isa = PBXFileReference; fileEncoding = 4; lastKnownFileType = sourcecode.c.objc; path = FavoritesViewController.m; sourceTree = "<group>"; };
		78D06D591D9D7A6A00F864FE /* Movie Favorites.app */ = {isa = PBXFileReference; explicitFileType = wrapper.application; includeInIndex = 0; path = "Movie Favorites.app"; sourceTree = BUILT_PRODUCTS_DIR; };
		78D06D5D1D9D7A6A00F864FE /* main.m */ = {isa = PBXFileReference; lastKnownFileType = sourcecode.c.objc; path = main.m; sourceTree = "<group>"; };
		78D06D5F1D9D7A6A00F864FE /* AppDelegate.h */ = {isa = PBXFileReference; lastKnownFileType = sourcecode.c.h; path = AppDelegate.h; sourceTree = "<group>"; };
		78D06D601D9D7A6A00F864FE /* AppDelegate.m */ = {isa = PBXFileReference; lastKnownFileType = sourcecode.c.objc; path = AppDelegate.m; sourceTree = "<group>"; };
		78D06D661D9D7A6A00F864FE /* Base */ = {isa = PBXFileReference; lastKnownFileType = file.storyboard; name = Base; path = Base.lproj/Main.storyboard; sourceTree = "<group>"; };
		78D06D681D9D7A6A00F864FE /* Assets.xcassets */ = {isa = PBXFileReference; lastKnownFileType = folder.assetcatalog; path = Assets.xcassets; sourceTree = "<group>"; };
		78D06D6D1D9D7A6A00F864FE /* Info.plist */ = {isa = PBXFileReference; lastKnownFileType = text.plist.xml; path = Info.plist; sourceTree = "<group>"; };
		78D06D731D9D7B0B00F864FE /* MovieViewController.h */ = {isa = PBXFileReference; fileEncoding = 4; lastKnownFileType = sourcecode.c.h; path = MovieViewController.h; sourceTree = "<group>"; };
		78D06D741D9D7B0B00F864FE /* MovieViewController.m */ = {isa = PBXFileReference; fileEncoding = 4; lastKnownFileType = sourcecode.c.objc; path = MovieViewController.m; sourceTree = "<group>"; };
		78D06D761D9D7B9300F864FE /* MovieCell.h */ = {isa = PBXFileReference; fileEncoding = 4; lastKnownFileType = sourcecode.c.h; path = MovieCell.h; sourceTree = "<group>"; };
		78D06D771D9D7B9300F864FE /* MovieCell.m */ = {isa = PBXFileReference; fileEncoding = 4; lastKnownFileType = sourcecode.c.objc; path = MovieCell.m; sourceTree = "<group>"; };
		78D06D791D9D7BE500F864FE /* Movie.h */ = {isa = PBXFileReference; fileEncoding = 4; lastKnownFileType = sourcecode.c.h; path = Movie.h; sourceTree = "<group>"; };
		78D06D7A1D9D7BE500F864FE /* Movie.m */ = {isa = PBXFileReference; fileEncoding = 4; lastKnownFileType = sourcecode.c.objc; path = Movie.m; sourceTree = "<group>"; };
		78D06D7C1D9D7BFD00F864FE /* NetworkManager.h */ = {isa = PBXFileReference; fileEncoding = 4; lastKnownFileType = sourcecode.c.h; path = NetworkManager.h; sourceTree = "<group>"; };
		78D06D7D1D9D7BFD00F864FE /* NetworkManager.m */ = {isa = PBXFileReference; fileEncoding = 4; lastKnownFileType = sourcecode.c.objc; path = NetworkManager.m; sourceTree = "<group>"; };
		78D06D7F1D9D83EF00F864FE /* MovieManager.h */ = {isa = PBXFileReference; fileEncoding = 4; lastKnownFileType = sourcecode.c.h; path = MovieManager.h; sourceTree = "<group>"; };
		78D06D801D9D83EF00F864FE /* MovieManager.m */ = {isa = PBXFileReference; fileEncoding = 4; lastKnownFileType = sourcecode.c.objc; path = MovieManager.m; sourceTree = "<group>"; };
		AB5024BC9128AC1CE1F170AB /* libPods-Movie Favorites.a */ = {isa = PBXFileReference; explicitFileType = archive.ar; includeInIndex = 0; path = "libPods-Movie Favorites.a"; sourceTree = BUILT_PRODUCTS_DIR; };
		D63324A748FA1C7B36CA0977 /* Pods-Movie Favorites.release.xcconfig */ = {isa = PBXFileReference; includeInIndex = 1; lastKnownFileType = text.xcconfig; name = "Pods-Movie Favorites.release.xcconfig"; path = "Pods/Target Support Files/Pods-Movie Favorites/Pods-Movie Favorites.release.xcconfig"; sourceTree = "<group>"; };
		F466B84A63AA39C7E80B3608 /* Pods-Movie Favorites.debug.xcconfig */ = {isa = PBXFileReference; includeInIndex = 1; lastKnownFileType = text.xcconfig; name = "Pods-Movie Favorites.debug.xcconfig"; path = "Pods/Target Support Files/Pods-Movie Favorites/Pods-Movie Favorites.debug.xcconfig"; sourceTree = "<group>"; };
/* End PBXFileReference section */

/* Begin PBXFrameworksBuildPhase section */
		78D06D561D9D7A6900F864FE /* Frameworks */ = {
			isa = PBXFrameworksBuildPhase;
			buildActionMask = 2147483647;
			files = (
				D87F094D0AFEB8BC359F3E00 /* libPods-Movie Favorites.a in Frameworks */,
			);
			runOnlyForDeploymentPostprocessing = 0;
		};
/* End PBXFrameworksBuildPhase section */

/* Begin PBXGroup section */
		5D8B2CF76C37F85107DAA904 /* Frameworks */ = {
			isa = PBXGroup;
			children = (
				AB5024BC9128AC1CE1F170AB /* libPods-Movie Favorites.a */,
			);
			name = Frameworks;
			sourceTree = "<group>";
		};
		78D06D501D9D7A6900F864FE = {
			isa = PBXGroup;
			children = (
				78D06D5B1D9D7A6A00F864FE /* Movie Favorites */,
				78D06D5A1D9D7A6A00F864FE /* Products */,
				ADA9BAD6AFA803F3F0582068 /* Pods */,
				5D8B2CF76C37F85107DAA904 /* Frameworks */,
			);
			sourceTree = "<group>";
		};
		78D06D5A1D9D7A6A00F864FE /* Products */ = {
			isa = PBXGroup;
			children = (
				78D06D591D9D7A6A00F864FE /* Movie Favorites.app */,
			);
			name = Products;
			sourceTree = "<group>";
		};
		78D06D5B1D9D7A6A00F864FE /* Movie Favorites */ = {
			isa = PBXGroup;
			children = (
				78D06D5F1D9D7A6A00F864FE /* AppDelegate.h */,
				78D06D601D9D7A6A00F864FE /* AppDelegate.m */,
				78D06D731D9D7B0B00F864FE /* MovieViewController.h */,
				78D06D741D9D7B0B00F864FE /* MovieViewController.m */,
				781EA7231D9FC7DB00F2503D /* FavoritesViewController.h */,
				781EA7241D9FC7DB00F2503D /* FavoritesViewController.m */,
				781EA7201D9FBDE100F2503D /* DetailViewController.h */,
				781EA7211D9FBDE100F2503D /* DetailViewController.m */,
				78D06D761D9D7B9300F864FE /* MovieCell.h */,
				78D06D771D9D7B9300F864FE /* MovieCell.m */,
				781EA71E1D9FAB5F00F2503D /* MovieCell.xib */,
				78D06D7C1D9D7BFD00F864FE /* NetworkManager.h */,
				78D06D7D1D9D7BFD00F864FE /* NetworkManager.m */,
				78D06D7F1D9D83EF00F864FE /* MovieManager.h */,
				78D06D801D9D83EF00F864FE /* MovieManager.m */,
				78D06D791D9D7BE500F864FE /* Movie.h */,
				78D06D7A1D9D7BE500F864FE /* Movie.m */,
				78D06D651D9D7A6A00F864FE /* Main.storyboard */,
				78D06D681D9D7A6A00F864FE /* Assets.xcassets */,
				78D06D6D1D9D7A6A00F864FE /* Info.plist */,
				78D06D5C1D9D7A6A00F864FE /* Supporting Files */,
			);
			path = "Movie Favorites";
			sourceTree = "<group>";
		};
		78D06D5C1D9D7A6A00F864FE /* Supporting Files */ = {
			isa = PBXGroup;
			children = (
				78D06D5D1D9D7A6A00F864FE /* main.m */,
			);
			name = "Supporting Files";
			sourceTree = "<group>";
		};
		ADA9BAD6AFA803F3F0582068 /* Pods */ = {
			isa = PBXGroup;
			children = (
				F466B84A63AA39C7E80B3608 /* Pods-Movie Favorites.debug.xcconfig */,
				D63324A748FA1C7B36CA0977 /* Pods-Movie Favorites.release.xcconfig */,
			);
			name = Pods;
			sourceTree = "<group>";
		};
/* End PBXGroup section */

/* Begin PBXNativeTarget section */
		78D06D581D9D7A6900F864FE /* Movie Favorites */ = {
			isa = PBXNativeTarget;
			buildConfigurationList = 78D06D701D9D7A6A00F864FE /* Build configuration list for PBXNativeTarget "Movie Favorites" */;
			buildPhases = (
				F51143075B4D0F68D9E145FD /* [CP] Check Pods Manifest.lock */,
				78D06D551D9D7A6900F864FE /* Sources */,
				78D06D561D9D7A6900F864FE /* Frameworks */,
				78D06D571D9D7A6900F864FE /* Resources */,
				D6A759077F19396FCAF7B1BE /* [CP] Embed Pods Frameworks */,
				84F47C3EDC5DA6FE03EDE626 /* [CP] Copy Pods Resources */,
			);
			buildRules = (
			);
			dependencies = (
			);
			name = "Movie Favorites";
			productName = "Movie Favorites";
			productReference = 78D06D591D9D7A6A00F864FE /* Movie Favorites.app */;
			productType = "com.apple.product-type.application";
		};
/* End PBXNativeTarget section */

/* Begin PBXProject section */
		78D06D511D9D7A6900F864FE /* Project object */ = {
			isa = PBXProject;
			attributes = {
				LastUpgradeCheck = 0800;
				ORGANIZATIONNAME = "Dennis Parussini";
				TargetAttributes = {
					78D06D581D9D7A6900F864FE = {
						CreatedOnToolsVersion = 8.0;
						DevelopmentTeam = DEYT8Z7L38;
						ProvisioningStyle = Automatic;
					};
				};
			};
			buildConfigurationList = 78D06D541D9D7A6900F864FE /* Build configuration list for PBXProject "Movie Favorites" */;
			compatibilityVersion = "Xcode 3.2";
			developmentRegion = English;
			hasScannedForEncodings = 0;
			knownRegions = (
				en,
				Base,
			);
			mainGroup = 78D06D501D9D7A6900F864FE;
			productRefGroup = 78D06D5A1D9D7A6A00F864FE /* Products */;
			projectDirPath = "";
			projectRoot = "";
			targets = (
				78D06D581D9D7A6900F864FE /* Movie Favorites */,
			);
		};
/* End PBXProject section */

/* Begin PBXResourcesBuildPhase section */
		78D06D571D9D7A6900F864FE /* Resources */ = {
			isa = PBXResourcesBuildPhase;
			buildActionMask = 2147483647;
			files = (
				78D06D691D9D7A6A00F864FE /* Assets.xcassets in Resources */,
				781EA71F1D9FAB5F00F2503D /* MovieCell.xib in Resources */,
				78D06D671D9D7A6A00F864FE /* Main.storyboard in Resources */,
			);
			runOnlyForDeploymentPostprocessing = 0;
		};
/* End PBXResourcesBuildPhase section */

/* Begin PBXShellScriptBuildPhase section */
		84F47C3EDC5DA6FE03EDE626 /* [CP] Copy Pods Resources */ = {
			isa = PBXShellScriptBuildPhase;
			buildActionMask = 2147483647;
			files = (
			);
			inputPaths = (
			);
			name = "[CP] Copy Pods Resources";
			outputPaths = (
			);
			runOnlyForDeploymentPostprocessing = 0;
			shellPath = /bin/sh;
			shellScript = "\"${SRCROOT}/Pods/Target Support Files/Pods-Movie Favorites/Pods-Movie Favorites-resources.sh\"\n";
			showEnvVarsInLog = 0;
		};
		D6A759077F19396FCAF7B1BE /* [CP] Embed Pods Frameworks */ = {
			isa = PBXShellScriptBuildPhase;
			buildActionMask = 2147483647;
			files = (
			);
			inputPaths = (
			);
			name = "[CP] Embed Pods Frameworks";
			outputPaths = (
			);
			runOnlyForDeploymentPostprocessing = 0;
			shellPath = /bin/sh;
			shellScript = "\"${SRCROOT}/Pods/Target Support Files/Pods-Movie Favorites/Pods-Movie Favorites-frameworks.sh\"\n";
			showEnvVarsInLog = 0;
		};
		F51143075B4D0F68D9E145FD /* [CP] Check Pods Manifest.lock */ = {
			isa = PBXShellScriptBuildPhase;
			buildActionMask = 2147483647;
			files = (
			);
			inputPaths = (
			);
			name = "[CP] Check Pods Manifest.lock";
			outputPaths = (
			);
			runOnlyForDeploymentPostprocessing = 0;
			shellPath = /bin/sh;
			shellScript = "diff \"${PODS_PODFILE_DIR_PATH}/Podfile.lock\" \"${PODS_ROOT}/Manifest.lock\" > /dev/null\nif [ $? != 0 ] ; then\n    # print error to STDERR\n    echo \"error: The sandbox is not in sync with the Podfile.lock. Run 'pod install' or update your CocoaPods installation.\" >&2\n    exit 1\nfi\n";
			showEnvVarsInLog = 0;
		};
/* End PBXShellScriptBuildPhase section */

/* Begin PBXSourcesBuildPhase section */
		78D06D551D9D7A6900F864FE /* Sources */ = {
			isa = PBXSourcesBuildPhase;
			buildActionMask = 2147483647;
			files = (
				78D06D611D9D7A6A00F864FE /* AppDelegate.m in Sources */,
				78D06D751D9D7B0B00F864FE /* MovieViewController.m in Sources */,
				78D06D7B1D9D7BE500F864FE /* Movie.m in Sources */,
				781EA7221D9FBDE100F2503D /* DetailViewController.m in Sources */,
				78D06D781D9D7B9300F864FE /* MovieCell.m in Sources */,
				781EA7251D9FC7DB00F2503D /* FavoritesViewController.m in Sources */,
				78D06D7E1D9D7BFD00F864FE /* NetworkManager.m in Sources */,
				78D06D811D9D83EF00F864FE /* MovieManager.m in Sources */,
				78D06D5E1D9D7A6A00F864FE /* main.m in Sources */,
			);
			runOnlyForDeploymentPostprocessing = 0;
		};
/* End PBXSourcesBuildPhase section */

/* Begin PBXVariantGroup section */
		78D06D651D9D7A6A00F864FE /* Main.storyboard */ = {
			isa = PBXVariantGroup;
			children = (
				78D06D661D9D7A6A00F864FE /* Base */,
			);
			name = Main.storyboard;
			sourceTree = "<group>";
		};
/* End PBXVariantGroup section */

/* Begin XCBuildConfiguration section */
		78D06D6E1D9D7A6A00F864FE /* Debug */ = {
			isa = XCBuildConfiguration;
			buildSettings = {
				ALWAYS_SEARCH_USER_PATHS = NO;
				CLANG_ANALYZER_NONNULL = YES;
				CLANG_CXX_LANGUAGE_STANDARD = "gnu++0x";
				CLANG_CXX_LIBRARY = "libc++";
				CLANG_ENABLE_MODULES = YES;
				CLANG_ENABLE_OBJC_ARC = YES;
				CLANG_WARN_BOOL_CONVERSION = YES;
				CLANG_WARN_CONSTANT_CONVERSION = YES;
				CLANG_WARN_DIRECT_OBJC_ISA_USAGE = YES_ERROR;
				CLANG_WARN_DOCUMENTATION_COMMENTS = YES;
				CLANG_WARN_EMPTY_BODY = YES;
				CLANG_WARN_ENUM_CONVERSION = YES;
				CLANG_WARN_INFINITE_RECURSION = YES;
				CLANG_WARN_INT_CONVERSION = YES;
				CLANG_WARN_OBJC_ROOT_CLASS = YES_ERROR;
				CLANG_WARN_SUSPICIOUS_MOVE = YES;
				CLANG_WARN_SUSPICIOUS_MOVES = YES;
				CLANG_WARN_UNREACHABLE_CODE = YES;
				CLANG_WARN__DUPLICATE_METHOD_MATCH = YES;
				"CODE_SIGN_IDENTITY[sdk=iphoneos*]" = "iPhone Developer";
				COPY_PHASE_STRIP = NO;
				DEBUG_INFORMATION_FORMAT = dwarf;
				ENABLE_STRICT_OBJC_MSGSEND = YES;
				ENABLE_TESTABILITY = YES;
				GCC_C_LANGUAGE_STANDARD = gnu99;
				GCC_DYNAMIC_NO_PIC = NO;
				GCC_NO_COMMON_BLOCKS = YES;
				GCC_OPTIMIZATION_LEVEL = 0;
				GCC_PREPROCESSOR_DEFINITIONS = (
					"DEBUG=1",
					"$(inherited)",
				);
				GCC_WARN_64_TO_32_BIT_CONVERSION = YES;
				GCC_WARN_ABOUT_RETURN_TYPE = YES_ERROR;
				GCC_WARN_UNDECLARED_SELECTOR = YES;
				GCC_WARN_UNINITIALIZED_AUTOS = YES_AGGRESSIVE;
				GCC_WARN_UNUSED_FUNCTION = YES;
				GCC_WARN_UNUSED_VARIABLE = YES;
				IPHONEOS_DEPLOYMENT_TARGET = 10.0;
				MTL_ENABLE_DEBUG_INFO = YES;
				ONLY_ACTIVE_ARCH = YES;
				SDKROOT = iphoneos;
			};
			name = Debug;
		};
		78D06D6F1D9D7A6A00F864FE /* Release */ = {
			isa = XCBuildConfiguration;
			buildSettings = {
				ALWAYS_SEARCH_USER_PATHS = NO;
				CLANG_ANALYZER_NONNULL = YES;
				CLANG_CXX_LANGUAGE_STANDARD = "gnu++0x";
				CLANG_CXX_LIBRARY = "libc++";
				CLANG_ENABLE_MODULES = YES;
				CLANG_ENABLE_OBJC_ARC = YES;
				CLANG_WARN_BOOL_CONVERSION = YES;
				CLANG_WARN_CONSTANT_CONVERSION = YES;
				CLANG_WARN_DIRECT_OBJC_ISA_USAGE = YES_ERROR;
				CLANG_WARN_DOCUMENTATION_COMMENTS = YES;
				CLANG_WARN_EMPTY_BODY = YES;
				CLANG_WARN_ENUM_CONVERSION = YES;
				CLANG_WARN_INFINITE_RECURSION = YES;
				CLANG_WARN_INT_CONVERSION = YES;
				CLANG_WARN_OBJC_ROOT_CLASS = YES_ERROR;
				CLANG_WARN_SUSPICIOUS_MOVE = YES;
				CLANG_WARN_SUSPICIOUS_MOVES = YES;
				CLANG_WARN_UNREACHABLE_CODE = YES;
				CLANG_WARN__DUPLICATE_METHOD_MATCH = YES;
				"CODE_SIGN_IDENTITY[sdk=iphoneos*]" = "iPhone Developer";
				COPY_PHASE_STRIP = NO;
				DEBUG_INFORMATION_FORMAT = "dwarf-with-dsym";
				ENABLE_NS_ASSERTIONS = NO;
				ENABLE_STRICT_OBJC_MSGSEND = YES;
				GCC_C_LANGUAGE_STANDARD = gnu99;
				GCC_NO_COMMON_BLOCKS = YES;
				GCC_WARN_64_TO_32_BIT_CONVERSION = YES;
				GCC_WARN_ABOUT_RETURN_TYPE = YES_ERROR;
				GCC_WARN_UNDECLARED_SELECTOR = YES;
				GCC_WARN_UNINITIALIZED_AUTOS = YES_AGGRESSIVE;
				GCC_WARN_UNUSED_FUNCTION = YES;
				GCC_WARN_UNUSED_VARIABLE = YES;
				IPHONEOS_DEPLOYMENT_TARGET = 10.0;
				MTL_ENABLE_DEBUG_INFO = NO;
				SDKROOT = iphoneos;
				VALIDATE_PRODUCT = YES;
			};
			name = Release;
		};
		78D06D711D9D7A6A00F864FE /* Debug */ = {
			isa = XCBuildConfiguration;
			baseConfigurationReference = F466B84A63AA39C7E80B3608 /* Pods-Movie Favorites.debug.xcconfig */;
			buildSettings = {
				ASSETCATALOG_COMPILER_APPICON_NAME = AppIcon;
				ASSETCATALOG_COMPILER_LAUNCHIMAGE_NAME = LaunchImage;
				DEVELOPMENT_TEAM = DEYT8Z7L38;
				INFOPLIST_FILE = "Movie Favorites/Info.plist";
				LD_RUNPATH_SEARCH_PATHS = "$(inherited) @executable_path/Frameworks";
				PRODUCT_BUNDLE_IDENTIFIER = "me.thedan84.Movie-Favorites";
				PRODUCT_NAME = "$(TARGET_NAME)";
			};
			name = Debug;
		};
		78D06D721D9D7A6A00F864FE /* Release */ = {
			isa = XCBuildConfiguration;
			baseConfigurationReference = D63324A748FA1C7B36CA0977 /* Pods-Movie Favorites.release.xcconfig */;
			buildSettings = {
				ASSETCATALOG_COMPILER_APPICON_NAME = AppIcon;
				ASSETCATALOG_COMPILER_LAUNCHIMAGE_NAME = LaunchImage;
				DEVELOPMENT_TEAM = DEYT8Z7L38;
				INFOPLIST_FILE = "Movie Favorites/Info.plist";
				LD_RUNPATH_SEARCH_PATHS = "$(inherited) @executable_path/Frameworks";
				PRODUCT_BUNDLE_IDENTIFIER = "me.thedan84.Movie-Favorites";
				PRODUCT_NAME = "$(TARGET_NAME)";
			};
			name = Release;
		};
/* End XCBuildConfiguration section */

/* Begin XCConfigurationList section */
		78D06D541D9D7A6900F864FE /* Build configuration list for PBXProject "Movie Favorites" */ = {
			isa = XCConfigurationList;
			buildConfigurations = (
				78D06D6E1D9D7A6A00F864FE /* Debug */,
				78D06D6F1D9D7A6A00F864FE /* Release */,
			);
			defaultConfigurationIsVisible = 0;
			defaultConfigurationName = Release;
		};
		78D06D701D9D7A6A00F864FE /* Build configuration list for PBXNativeTarget "Movie Favorites" */ = {
			isa = XCConfigurationList;
			buildConfigurations = (
				78D06D711D9D7A6A00F864FE /* Debug */,
				78D06D721D9D7A6A00F864FE /* Release */,
			);
			defaultConfigurationIsVisible = 0;
			defaultConfigurationName = Release;
		};
/* End XCConfigurationList section */
	};
	rootObject = 78D06D511D9D7A6900F864FE /* Project object */;
}
